
Microsoft Visual Studio Solution File, Format Version 12.00
# Visual Studio Version 17
VisualStudioVersion = 17.10.35013.160
MinimumVisualStudioVersion = 10.0.40219.1
Project("{FAE04EC0-301F-11D3-BF4B-00C04F79EFBC}") = "systemPROJECT", "systemPROJECT\systemPROJECT.csproj", "{7E2D9A1C-76A7-4A90-B8E4-F128A28C3B58}"
EndProject
Global
	GlobalSection(SolutionConfigurationPlatforms) = preSolution
		Debug|Any CPU = Debug|Any CPU
		Release|Any CPU = Release|Any CPU
	EndGlobalSection
	GlobalSection(ProjectConfigurationPlatforms) = postSolution
		{7E2D9A1C-76A7-4A90-B8E4-F128A28C3B58}.Debug|Any CPU.ActiveCfg = Debug|Any CPU
		{7E2D9A1C-76A7-4A90-B8E4-F128A28C3B58}.Debug|Any CPU.Build.0 = Debug|Any CPU
		{7E2D9A1C-76A7-4A90-B8E4-F128A28C3B58}.Release|Any CPU.ActiveCfg = Release|Any CPU
		{7E2D9A1C-76A7-4A90-B8E4-F128A28C3B58}.Release|Any CPU.Build.0 = Release|Any CPU
	EndGlobalSection
	GlobalSection(SolutionProperties) = preSolution
		HideSolutionNode = FALSE
	EndGlobalSection
	GlobalSection(ExtensibilityGlobals) = postSolution
		SolutionGuid = {91384B4E-5956-47FA-B5EE-97951D102D7E}
	EndGlobalSection
EndGlobal
